
Microsoft Visual Studio Solution File, Format Version 12.00
# Visual Studio 2013
VisualStudioVersion = 12.0.21005.1
MinimumVisualStudioVersion = 10.0.40219.1
Project("{FAE04EC0-301F-11D3-BF4B-00C04F79EFBC}") = "ClientFirstPOS", "ClientFirstPOS\ClientFirstPOS.csproj", "{9A72EF84-7EB1-430D-92B1-D11992AEE8AF}"
EndProject
Project("{FAE04EC0-301F-11D3-BF4B-00C04F79EFBC}") = "VirtualPointOfSaleTerminal", "VirtualPointOfSaleTerminal\VirtualPointOfSaleTerminal.csproj", "{1F18ED25-22F9-4BAE-B730-425790ECECF4}"
EndProject
Project("{FAE04EC0-301F-11D3-BF4B-00C04F79EFBC}") = "LearningHardware", "LearningHardware\LearningHardware.csproj", "{A5B7D18B-DBA9-4269-97A9-1F426896327F}"
EndProject
Global
	GlobalSection(SolutionConfigurationPlatforms) = preSolution
		Debug|Any CPU = Debug|Any CPU
		Release|Any CPU = Release|Any CPU
	EndGlobalSection
	GlobalSection(ProjectConfigurationPlatforms) = postSolution
		{9A72EF84-7EB1-430D-92B1-D11992AEE8AF}.Debug|Any CPU.ActiveCfg = Debug|Any CPU
		{9A72EF84-7EB1-430D-92B1-D11992AEE8AF}.Debug|Any CPU.Build.0 = Debug|Any CPU
		{9A72EF84-7EB1-430D-92B1-D11992AEE8AF}.Release|Any CPU.ActiveCfg = Release|Any CPU
		{9A72EF84-7EB1-430D-92B1-D11992AEE8AF}.Release|Any CPU.Build.0 = Release|Any CPU
		{1F18ED25-22F9-4BAE-B730-425790ECECF4}.Debug|Any CPU.ActiveCfg = Debug|Any CPU
		{1F18ED25-22F9-4BAE-B730-425790ECECF4}.Debug|Any CPU.Build.0 = Debug|Any CPU
		{1F18ED25-22F9-4BAE-B730-425790ECECF4}.Release|Any CPU.ActiveCfg = Release|Any CPU
		{1F18ED25-22F9-4BAE-B730-425790ECECF4}.Release|Any CPU.Build.0 = Release|Any CPU
		{A5B7D18B-DBA9-4269-97A9-1F426896327F}.Debug|Any CPU.ActiveCfg = Debug|Any CPU
		{A5B7D18B-DBA9-4269-97A9-1F426896327F}.Debug|Any CPU.Build.0 = Debug|Any CPU
		{A5B7D18B-DBA9-4269-97A9-1F426896327F}.Release|Any CPU.ActiveCfg = Release|Any CPU
		{A5B7D18B-DBA9-4269-97A9-1F426896327F}.Release|Any CPU.Build.0 = Release|Any CPU
	EndGlobalSection
	GlobalSection(SolutionProperties) = preSolution
		HideSolutionNode = FALSE
	EndGlobalSection
EndGlobal
